
Microsoft Visual Studio Solution File, Format Version 12.00
# Visual Studio Version 17
VisualStudioVersion = 17.0.32112.339
MinimumVisualStudioVersion = 10.0.40219.1
Project("{FAE04EC0-301F-11D3-BF4B-00C04F79EFBC}") = "SmartNetERP", "SmartNetERP\SmartNetERP.csproj", "{6DBE525C-3144-42A1-A3DA-6871E0D5BBC3}"
EndProject
Global
	GlobalSection(SolutionConfigurationPlatforms) = preSolution
		Debug|Any CPU = Debug|Any CPU
		Release|Any CPU = Release|Any CPU
	EndGlobalSection
	GlobalSection(ProjectConfigurationPlatforms) = postSolution
		{6DBE525C-3144-42A1-A3DA-6871E0D5BBC3}.Debug|Any CPU.ActiveCfg = Debug|Any CPU
		{6DBE525C-3144-42A1-A3DA-6871E0D5BBC3}.Debug|Any CPU.Build.0 = Debug|Any CPU
		{6DBE525C-3144-42A1-A3DA-6871E0D5BBC3}.Release|Any CPU.ActiveCfg = Release|Any CPU
		{6DBE525C-3144-42A1-A3DA-6871E0D5BBC3}.Release|Any CPU.Build.0 = Release|Any CPU
	EndGlobalSection
	GlobalSection(SolutionProperties) = preSolution
		HideSolutionNode = FALSE
	EndGlobalSection
	GlobalSection(ExtensibilityGlobals) = postSolution
		SolutionGuid = {D6FB05B6-050F-4875-AA66-5B20C4D3A8FF}
	EndGlobalSection
EndGlobal
